
Microsoft Visual Studio Solution File, Format Version 12.00
# Visual Studio Version 17
VisualStudioVersion = 17.9.34616.47
MinimumVisualStudioVersion = 10.0.40219.1
Project("{FAE04EC0-301F-11D3-BF4B-00C04F79EFBC}") = "KalkamanovaFinalWeb", "KalkamanovaFinalWeb\KalkamanovaFinalWeb.csproj", "{0D02EC6E-42EA-4CC6-8738-4C7CA83BC9BB}"
EndProject
Global
	GlobalSection(SolutionConfigurationPlatforms) = preSolution
		Debug|Any CPU = Debug|Any CPU
		Release|Any CPU = Release|Any CPU
	EndGlobalSection
	GlobalSection(ProjectConfigurationPlatforms) = postSolution
		{0D02EC6E-42EA-4CC6-8738-4C7CA83BC9BB}.Debug|Any CPU.ActiveCfg = Debug|Any CPU
		{0D02EC6E-42EA-4CC6-8738-4C7CA83BC9BB}.Debug|Any CPU.Build.0 = Debug|Any CPU
		{0D02EC6E-42EA-4CC6-8738-4C7CA83BC9BB}.Release|Any CPU.ActiveCfg = Release|Any CPU
		{0D02EC6E-42EA-4CC6-8738-4C7CA83BC9BB}.Release|Any CPU.Build.0 = Release|Any CPU
	EndGlobalSection
	GlobalSection(SolutionProperties) = preSolution
		HideSolutionNode = FALSE
	EndGlobalSection
	GlobalSection(ExtensibilityGlobals) = postSolution
		SolutionGuid = {C9A616FD-855C-40CF-BAD8-4623CBFC066B}
	EndGlobalSection
EndGlobal
